
Microsoft Visual Studio Solution File, Format Version 12.00
# Visual Studio 15
VisualStudioVersion = 15.0.27004.2010
MinimumVisualStudioVersion = 10.0.40219.1
Project("{9A19103F-16F7-4668-BE54-9A1E7A4F7556}") = "WhyBlog", "WhyBlog\WhyBlog.csproj", "{D1D8BA8F-8C20-4BDE-B5F8-82E957F02B91}"
EndProject
Project("{2150E333-8FDC-42A3-9474-1A3956D46DE8}") = "Solution Items", "Solution Items", "{F1DF8134-B380-4000-8253-09B2E84858F5}"
	ProjectSection(SolutionItems) = preProject
		doc.md = doc.md
		README.md = README.md
	EndProjectSection
EndProject
Project("{9A19103F-16F7-4668-BE54-9A1E7A4F7556}") = "WhyBlog.Infrastructure", "WhyBlog.Infrastructure\WhyBlog.Infrastructure.csproj", "{148DD1E2-24D8-41ED-85D6-21F285F722BF}"
EndProject
Project("{9A19103F-16F7-4668-BE54-9A1E7A4F7556}") = "WhyBlog.WebApi", "WhyBlog.WebApi\WhyBlog.WebApi.csproj", "{18B6320C-56CC-4727-B170-92CD970BAD87}"
EndProject
Project("{9A19103F-16F7-4668-BE54-9A1E7A4F7556}") = "WhyBlog.DominService", "WhyBlog.DominService\WhyBlog.DominService.csproj", "{A35D4663-1B9C-4F4A-A8FC-D961838101F1}"
EndProject
Project("{9A19103F-16F7-4668-BE54-9A1E7A4F7556}") = "ExtendMethod", "ExtendMethod\ExtendMethod.csproj", "{B7B11BBC-1D86-4735-9F2D-20925D116E21}"
EndProject
Project("{9A19103F-16F7-4668-BE54-9A1E7A4F7556}") = "WhyBlog.EF", "WhyBlog.EF\WhyBlog.EF.csproj", "{86E7D6AD-5847-4E8D-9059-FF3CDBDADA8C}"
EndProject
Project("{9A19103F-16F7-4668-BE54-9A1E7A4F7556}") = "WhyBlog.Models", "WhyBlog.Models\WhyBlog.Models.csproj", "{6F1D1B61-DCE3-41AB-B7E1-278E9646A004}"
EndProject
Global
	GlobalSection(SolutionConfigurationPlatforms) = preSolution
		Debug|Any CPU = Debug|Any CPU
		Release|Any CPU = Release|Any CPU
	EndGlobalSection
	GlobalSection(ProjectConfigurationPlatforms) = postSolution
		{D1D8BA8F-8C20-4BDE-B5F8-82E957F02B91}.Debug|Any CPU.ActiveCfg = Debug|Any CPU
		{D1D8BA8F-8C20-4BDE-B5F8-82E957F02B91}.Debug|Any CPU.Build.0 = Debug|Any CPU
		{D1D8BA8F-8C20-4BDE-B5F8-82E957F02B91}.Release|Any CPU.ActiveCfg = Release|Any CPU
		{D1D8BA8F-8C20-4BDE-B5F8-82E957F02B91}.Release|Any CPU.Build.0 = Release|Any CPU
		{148DD1E2-24D8-41ED-85D6-21F285F722BF}.Debug|Any CPU.ActiveCfg = Debug|Any CPU
		{148DD1E2-24D8-41ED-85D6-21F285F722BF}.Debug|Any CPU.Build.0 = Debug|Any CPU
		{148DD1E2-24D8-41ED-85D6-21F285F722BF}.Release|Any CPU.ActiveCfg = Release|Any CPU
		{148DD1E2-24D8-41ED-85D6-21F285F722BF}.Release|Any CPU.Build.0 = Release|Any CPU
		{18B6320C-56CC-4727-B170-92CD970BAD87}.Debug|Any CPU.ActiveCfg = Debug|Any CPU
		{18B6320C-56CC-4727-B170-92CD970BAD87}.Debug|Any CPU.Build.0 = Debug|Any CPU
		{18B6320C-56CC-4727-B170-92CD970BAD87}.Release|Any CPU.ActiveCfg = Release|Any CPU
		{18B6320C-56CC-4727-B170-92CD970BAD87}.Release|Any CPU.Build.0 = Release|Any CPU
		{A35D4663-1B9C-4F4A-A8FC-D961838101F1}.Debug|Any CPU.ActiveCfg = Debug|Any CPU
		{A35D4663-1B9C-4F4A-A8FC-D961838101F1}.Debug|Any CPU.Build.0 = Debug|Any CPU
		{A35D4663-1B9C-4F4A-A8FC-D961838101F1}.Release|Any CPU.ActiveCfg = Release|Any CPU
		{A35D4663-1B9C-4F4A-A8FC-D961838101F1}.Release|Any CPU.Build.0 = Release|Any CPU
		{B7B11BBC-1D86-4735-9F2D-20925D116E21}.Debug|Any CPU.ActiveCfg = Debug|Any CPU
		{B7B11BBC-1D86-4735-9F2D-20925D116E21}.Debug|Any CPU.Build.0 = Debug|Any CPU
		{B7B11BBC-1D86-4735-9F2D-20925D116E21}.Release|Any CPU.ActiveCfg = Release|Any CPU
		{B7B11BBC-1D86-4735-9F2D-20925D116E21}.Release|Any CPU.Build.0 = Release|Any CPU
		{86E7D6AD-5847-4E8D-9059-FF3CDBDADA8C}.Debug|Any CPU.ActiveCfg = Debug|Any CPU
		{86E7D6AD-5847-4E8D-9059-FF3CDBDADA8C}.Debug|Any CPU.Build.0 = Debug|Any CPU
		{86E7D6AD-5847-4E8D-9059-FF3CDBDADA8C}.Release|Any CPU.ActiveCfg = Release|Any CPU
		{86E7D6AD-5847-4E8D-9059-FF3CDBDADA8C}.Release|Any CPU.Build.0 = Release|Any CPU
		{6F1D1B61-DCE3-41AB-B7E1-278E9646A004}.Debug|Any CPU.ActiveCfg = Debug|Any CPU
		{6F1D1B61-DCE3-41AB-B7E1-278E9646A004}.Debug|Any CPU.Build.0 = Debug|Any CPU
		{6F1D1B61-DCE3-41AB-B7E1-278E9646A004}.Release|Any CPU.ActiveCfg = Release|Any CPU
		{6F1D1B61-DCE3-41AB-B7E1-278E9646A004}.Release|Any CPU.Build.0 = Release|Any CPU
	EndGlobalSection
	GlobalSection(SolutionProperties) = preSolution
		HideSolutionNode = FALSE
	EndGlobalSection
	GlobalSection(ExtensibilityGlobals) = postSolution
		SolutionGuid = {EFDA388B-A904-43BF-AA15-6CC59AFE9466}
	EndGlobalSection
EndGlobal
